
Microsoft Visual Studio Solution File, Format Version 12.00
# Visual Studio Version 16
VisualStudioVersion = 16.0.30709.132
MinimumVisualStudioVersion = 10.0.40219.1
Project("{9A19103F-16F7-4668-BE54-9A1E7A4F7556}") = "SilverBotDsharp", "SilverBotDsharp\SilverBotDsharp.csproj", "{CD6DB0DD-C0B6-4B64-9BA2-0355A60AC884}"
EndProject
Project("{2150E333-8FDC-42A3-9474-1A3956D46DE8}") = "Solution Items", "Solution Items", "{6026DF8B-8034-41B7-8EF3-F881BF5DC2A0}"
	ProjectSection(SolutionItems) = preProject
		.editorconfig = .editorconfig
	EndProjectSection
EndProject
Project("{FAE04EC0-301F-11D3-BF4B-00C04F79EFBC}") = "SilverBingConfigUi", "SilverBingConfigUi\SilverBingConfigUi.csproj", "{7CE0CA66-F556-41ED-950E-78964AD825AB}"
EndProject
Global
	GlobalSection(SolutionConfigurationPlatforms) = preSolution
		Debug|Any CPU = Debug|Any CPU
		Release|Any CPU = Release|Any CPU
	EndGlobalSection
	GlobalSection(ProjectConfigurationPlatforms) = postSolution
		{CD6DB0DD-C0B6-4B64-9BA2-0355A60AC884}.Debug|Any CPU.ActiveCfg = Debug|Any CPU
		{CD6DB0DD-C0B6-4B64-9BA2-0355A60AC884}.Debug|Any CPU.Build.0 = Debug|Any CPU
		{CD6DB0DD-C0B6-4B64-9BA2-0355A60AC884}.Release|Any CPU.ActiveCfg = Release|Any CPU
		{CD6DB0DD-C0B6-4B64-9BA2-0355A60AC884}.Release|Any CPU.Build.0 = Release|Any CPU
		{7CE0CA66-F556-41ED-950E-78964AD825AB}.Debug|Any CPU.ActiveCfg = Debug|Any CPU
		{7CE0CA66-F556-41ED-950E-78964AD825AB}.Debug|Any CPU.Build.0 = Debug|Any CPU
		{7CE0CA66-F556-41ED-950E-78964AD825AB}.Release|Any CPU.ActiveCfg = Release|Any CPU
		{7CE0CA66-F556-41ED-950E-78964AD825AB}.Release|Any CPU.Build.0 = Release|Any CPU
	EndGlobalSection
	GlobalSection(SolutionProperties) = preSolution
		HideSolutionNode = FALSE
	EndGlobalSection
	GlobalSection(ExtensibilityGlobals) = postSolution
		SolutionGuid = {7D9735C8-30C8-43E5-B5A3-3C76E50E4C1D}
	EndGlobalSection
EndGlobal
